# This file is automatically @generated by Cargo.
# It is not intended for manual editing.
version = 3

[[package]]
name = "cc"
version = "1.0.79"
source = "registry+https://github.com/rust-lang/crates.io-index"
checksum = "50d30906286121d95be3d479533b458f87493b30a4b5f79a607db8f5d11aa91f"

[[package]]
name = "h4"
version = "0.1.0"
dependencies = [
 "rquickjs",
]

[[package]]
name = "rquickjs"
version = "0.3.1"
source = "registry+https://github.com/rust-lang/crates.io-index"
checksum = "6db7788c2818f4546daabe9ae2d1ee2f4db61ab1998d4b483494c4193cc38dab"
dependencies = [
 "rquickjs-core",
]

[[package]]
name = "rquickjs-core"
version = "0.3.1"
source = "registry+https://github.com/rust-lang/crates.io-index"
checksum = "b12cf8646fe0af5bcff2822ccd162990f0679a1f9287c7257f4f4193a9d31ea9"
dependencies = [
 "rquickjs-sys",
]

[[package]]
name = "rquickjs-sys"
version = "0.3.1"
source = "registry+https://github.com/rust-lang/crates.io-index"
checksum = "b747058afd4d988d056e4972ec8516a5a86fdfc103c1c1485bfee8966a0743ae"
dependencies = [
 "cc",
]
