# This file is automatically @generated by Cargo.
# It is not intended for manual editing.
version = 3

[[package]]
name = "arg"
version = "0.4.1"
source = "registry+https://github.com/rust-lang/crates.io-index"
checksum = "568bbed0b9810cd4b43c8560ff3c5d2318b29d78fc314818d156bbed7075d394"
dependencies = [
 "arg-derive",
]

[[package]]
name = "arg-derive"
version = "0.4.1"
source = "registry+https://github.com/rust-lang/crates.io-index"
checksum = "849efc162c06e51ce911bf4fe702f62a08f3b6ebbbfc5178e86c6bae449c2c60"
dependencies = [
 "quote",
 "syn",
 "tabwriter",
]

[[package]]
name = "cc"
version = "1.0.79"
source = "registry+https://github.com/rust-lang/crates.io-index"
checksum = "50d30906286121d95be3d479533b458f87493b30a4b5f79a607db8f5d11aa91f"

[[package]]
name = "h4"
version = "0.1.0"
dependencies = [
 "arg",
 "rquickjs",
]

[[package]]
name = "proc-macro2"
version = "1.0.66"
source = "registry+https://github.com/rust-lang/crates.io-index"
checksum = "18fb31db3f9bddb2ea821cde30a9f70117e3f119938b5ee630b7403aa6e2ead9"
dependencies = [
 "unicode-ident",
]

[[package]]
name = "quote"
version = "1.0.32"
source = "registry+https://github.com/rust-lang/crates.io-index"
checksum = "50f3b39ccfb720540debaa0164757101c08ecb8d326b15358ce76a62c7e85965"
dependencies = [
 "proc-macro2",
]

[[package]]
name = "rquickjs"
version = "0.3.1"
source = "registry+https://github.com/rust-lang/crates.io-index"
checksum = "6db7788c2818f4546daabe9ae2d1ee2f4db61ab1998d4b483494c4193cc38dab"
dependencies = [
 "rquickjs-core",
]

[[package]]
name = "rquickjs-core"
version = "0.3.1"
source = "registry+https://github.com/rust-lang/crates.io-index"
checksum = "b12cf8646fe0af5bcff2822ccd162990f0679a1f9287c7257f4f4193a9d31ea9"
dependencies = [
 "rquickjs-sys",
]

[[package]]
name = "rquickjs-sys"
version = "0.3.1"
source = "registry+https://github.com/rust-lang/crates.io-index"
checksum = "b747058afd4d988d056e4972ec8516a5a86fdfc103c1c1485bfee8966a0743ae"
dependencies = [
 "cc",
]

[[package]]
name = "syn"
version = "1.0.109"
source = "registry+https://github.com/rust-lang/crates.io-index"
checksum = "72b64191b275b66ffe2469e8af2c1cfe3bafa67b529ead792a6d0160888b4237"
dependencies = [
 "proc-macro2",
 "quote",
 "unicode-ident",
]

[[package]]
name = "tabwriter"
version = "1.2.1"
source = "registry+https://github.com/rust-lang/crates.io-index"
checksum = "36205cfc997faadcc4b0b87aaef3fbedafe20d38d4959a7ca6ff803564051111"
dependencies = [
 "unicode-width",
]

[[package]]
name = "unicode-ident"
version = "1.0.11"
source = "registry+https://github.com/rust-lang/crates.io-index"
checksum = "301abaae475aa91687eb82514b328ab47a211a533026cb25fc3e519b86adfc3c"

[[package]]
name = "unicode-width"
version = "0.1.10"
source = "registry+https://github.com/rust-lang/crates.io-index"
checksum = "c0edd1e5b14653f783770bce4a4dabb4a5108a5370a5f5d8cfe8710c361f6c8b"
